
Microsoft Visual Studio Solution File, Format Version 12.00
# Visual Studio Version 17
VisualStudioVersion = 17.0.31903.59
MinimumVisualStudioVersion = 10.0.40219.1
Project("{F2A71F9B-5D33-465A-A702-920D77279786}") = "ImageUploader.Logic", "ImageUploader.Logic\ImageUploader.Logic.fsproj", "{33AFEC7C-9E3C-4EEE-9A11-7A748552F120}"
EndProject
Project("{FAE04EC0-301F-11D3-BF4B-00C04F79EFBC}") = "ImageUploader.Api", "ImageUploader.Api\ImageUploader.Api.csproj", "{107C3A65-EA0B-4856-BBC8-074840073012}"
EndProject
Global
	GlobalSection(SolutionConfigurationPlatforms) = preSolution
		Debug|Any CPU = Debug|Any CPU
		Debug|x64 = Debug|x64
		Debug|x86 = Debug|x86
		Release|Any CPU = Release|Any CPU
		Release|x64 = Release|x64
		Release|x86 = Release|x86
	EndGlobalSection
	GlobalSection(ProjectConfigurationPlatforms) = postSolution
		{33AFEC7C-9E3C-4EEE-9A11-7A748552F120}.Debug|Any CPU.ActiveCfg = Debug|Any CPU
		{33AFEC7C-9E3C-4EEE-9A11-7A748552F120}.Debug|Any CPU.Build.0 = Debug|Any CPU
		{33AFEC7C-9E3C-4EEE-9A11-7A748552F120}.Debug|x64.ActiveCfg = Debug|Any CPU
		{33AFEC7C-9E3C-4EEE-9A11-7A748552F120}.Debug|x64.Build.0 = Debug|Any CPU
		{33AFEC7C-9E3C-4EEE-9A11-7A748552F120}.Debug|x86.ActiveCfg = Debug|Any CPU
		{33AFEC7C-9E3C-4EEE-9A11-7A748552F120}.Debug|x86.Build.0 = Debug|Any CPU
		{33AFEC7C-9E3C-4EEE-9A11-7A748552F120}.Release|Any CPU.ActiveCfg = Release|Any CPU
		{33AFEC7C-9E3C-4EEE-9A11-7A748552F120}.Release|Any CPU.Build.0 = Release|Any CPU
		{33AFEC7C-9E3C-4EEE-9A11-7A748552F120}.Release|x64.ActiveCfg = Release|Any CPU
		{33AFEC7C-9E3C-4EEE-9A11-7A748552F120}.Release|x64.Build.0 = Release|Any CPU
		{33AFEC7C-9E3C-4EEE-9A11-7A748552F120}.Release|x86.ActiveCfg = Release|Any CPU
		{33AFEC7C-9E3C-4EEE-9A11-7A748552F120}.Release|x86.Build.0 = Release|Any CPU
		{107C3A65-EA0B-4856-BBC8-074840073012}.Debug|Any CPU.ActiveCfg = Debug|Any CPU
		{107C3A65-EA0B-4856-BBC8-074840073012}.Debug|Any CPU.Build.0 = Debug|Any CPU
		{107C3A65-EA0B-4856-BBC8-074840073012}.Debug|x64.ActiveCfg = Debug|Any CPU
		{107C3A65-EA0B-4856-BBC8-074840073012}.Debug|x64.Build.0 = Debug|Any CPU
		{107C3A65-EA0B-4856-BBC8-074840073012}.Debug|x86.ActiveCfg = Debug|Any CPU
		{107C3A65-EA0B-4856-BBC8-074840073012}.Debug|x86.Build.0 = Debug|Any CPU
		{107C3A65-EA0B-4856-BBC8-074840073012}.Release|Any CPU.ActiveCfg = Release|Any CPU
		{107C3A65-EA0B-4856-BBC8-074840073012}.Release|Any CPU.Build.0 = Release|Any CPU
		{107C3A65-EA0B-4856-BBC8-074840073012}.Release|x64.ActiveCfg = Release|Any CPU
		{107C3A65-EA0B-4856-BBC8-074840073012}.Release|x64.Build.0 = Release|Any CPU
		{107C3A65-EA0B-4856-BBC8-074840073012}.Release|x86.ActiveCfg = Release|Any CPU
		{107C3A65-EA0B-4856-BBC8-074840073012}.Release|x86.Build.0 = Release|Any CPU
	EndGlobalSection
	GlobalSection(SolutionProperties) = preSolution
		HideSolutionNode = FALSE
	EndGlobalSection
EndGlobal
